// !$*UTF8*$!
{
	archiveVersion = 1;
	classes = {
	};
	objectVersion = 50;
	objects = {

/* Begin PBXBuildFile section */
		D4127ECB2217C50B00CF4C72 /* MapKitSearchView.framework in Frameworks */ = {isa = PBXBuildFile; fileRef = D4127ECA2217C50B00CF4C72 /* MapKitSearchView.framework */; };
		D4732E382211883E00CB838C /* ViewController.swift in Sources */ = {isa = PBXBuildFile; fileRef = D4732E302211883E00CB838C /* ViewController.swift */; };
		D4732E392211883E00CB838C /* Assets.xcassets in Resources */ = {isa = PBXBuildFile; fileRef = D4732E312211883E00CB838C /* Assets.xcassets */; };
		D4732E3A2211883E00CB838C /* LaunchScreen.storyboard in Resources */ = {isa = PBXBuildFile; fileRef = D4732E322211883E00CB838C /* LaunchScreen.storyboard */; };
		D4732E3B2211883E00CB838C /* Main.storyboard in Resources */ = {isa = PBXBuildFile; fileRef = D4732E342211883E00CB838C /* Main.storyboard */; };
		D4732E3C2211883E00CB838C /* AppDelegate.swift in Sources */ = {isa = PBXBuildFile; fileRef = D4732E362211883E00CB838C /* AppDelegate.swift */; };
/* End PBXBuildFile section */

/* Begin PBXContainerItemProxy section */
		D4732E2822115EC900CB838C /* PBXContainerItemProxy */ = {
			isa = PBXContainerItemProxy;
			containerPortal = D4732E2422115EC900CB838C /* MapKit Search View.xcodeproj */;
			proxyType = 2;
			remoteGlobalIDString = D4732DE122106F5600CB838C;
			remoteInfo = "MapKit Search View";
		};
		D4732E2B22115F3F00CB838C /* PBXContainerItemProxy */ = {
			isa = PBXContainerItemProxy;
			containerPortal = D4732E2422115EC900CB838C /* MapKit Search View.xcodeproj */;
			proxyType = 1;
			remoteGlobalIDString = D4732DE022106F5600CB838C;
			remoteInfo = "MapKit Search View";
		};
/* End PBXContainerItemProxy section */

/* Begin PBXFileReference section */
		D4127ECA2217C50B00CF4C72 /* MapKitSearchView.framework */ = {isa = PBXFileReference; explicitFileType = wrapper.framework; path = MapKitSearchView.framework; sourceTree = BUILT_PRODUCTS_DIR; };
		D4732E0822115E7E00CB838C /* Example.app */ = {isa = PBXFileReference; explicitFileType = wrapper.application; includeInIndex = 0; path = Example.app; sourceTree = BUILT_PRODUCTS_DIR; };
		D4732E2422115EC900CB838C /* MapKit Search View.xcodeproj */ = {isa = PBXFileReference; lastKnownFileType = "wrapper.pb-project"; name = "MapKit Search View.xcodeproj"; path = "../../MapKit Search View.xcodeproj"; sourceTree = "<group>"; };
		D4732E302211883E00CB838C /* ViewController.swift */ = {isa = PBXFileReference; fileEncoding = 4; lastKnownFileType = sourcecode.swift; path = ViewController.swift; sourceTree = "<group>"; };
		D4732E312211883E00CB838C /* Assets.xcassets */ = {isa = PBXFileReference; lastKnownFileType = folder.assetcatalog; path = Assets.xcassets; sourceTree = "<group>"; };
		D4732E332211883E00CB838C /* Base */ = {isa = PBXFileReference; lastKnownFileType = file.storyboard; name = Base; path = Base.lproj/LaunchScreen.storyboard; sourceTree = "<group>"; };
		D4732E352211883E00CB838C /* Base */ = {isa = PBXFileReference; lastKnownFileType = file.storyboard; name = Base; path = Base.lproj/Main.storyboard; sourceTree = "<group>"; };
		D4732E362211883E00CB838C /* AppDelegate.swift */ = {isa = PBXFileReference; fileEncoding = 4; lastKnownFileType = sourcecode.swift; path = AppDelegate.swift; sourceTree = "<group>"; };
		D4732E372211883E00CB838C /* Info.plist */ = {isa = PBXFileReference; fileEncoding = 4; lastKnownFileType = text.plist.xml; path = Info.plist; sourceTree = "<group>"; };
		D4732E40221188C600CB838C /* MapKitSearchView.framework */ = {isa = PBXFileReference; explicitFileType = wrapper.framework; path = MapKitSearchView.framework; sourceTree = BUILT_PRODUCTS_DIR; };
		D4732E422211890B00CB838C /* MapKitSearchView.framework */ = {isa = PBXFileReference; explicitFileType = wrapper.framework; path = MapKitSearchView.framework; sourceTree = BUILT_PRODUCTS_DIR; };
/* End PBXFileReference section */

/* Begin PBXFrameworksBuildPhase section */
		D4732E0522115E7E00CB838C /* Frameworks */ = {
			isa = PBXFrameworksBuildPhase;
			buildActionMask = 2147483647;
			files = (
				D4127ECB2217C50B00CF4C72 /* MapKitSearchView.framework in Frameworks */,
			);
			runOnlyForDeploymentPostprocessing = 0;
		};
/* End PBXFrameworksBuildPhase section */

/* Begin PBXGroup section */
		D4732DFF22115E7E00CB838C = {
			isa = PBXGroup;
			children = (
				D4732E2F2211883E00CB838C /* Sources */,
				D4732E0922115E7E00CB838C /* Products */,
				D4732E2322115EC900CB838C /* Frameworks */,
			);
			sourceTree = "<group>";
		};
		D4732E0922115E7E00CB838C /* Products */ = {
			isa = PBXGroup;
			children = (
				D4732E0822115E7E00CB838C /* Example.app */,
			);
			name = Products;
			sourceTree = "<group>";
		};
		D4732E2322115EC900CB838C /* Frameworks */ = {
			isa = PBXGroup;
			children = (
				D4127ECA2217C50B00CF4C72 /* MapKitSearchView.framework */,
				D4732E422211890B00CB838C /* MapKitSearchView.framework */,
				D4732E40221188C600CB838C /* MapKitSearchView.framework */,
				D4732E2422115EC900CB838C /* MapKit Search View.xcodeproj */,
			);
			name = Frameworks;
			sourceTree = "<group>";
		};
		D4732E2522115EC900CB838C /* Products */ = {
			isa = PBXGroup;
			children = (
				D4732E2922115EC900CB838C /* MapKit_Search_View.framework */,
			);
			name = Products;
			sourceTree = "<group>";
		};
		D4732E2F2211883E00CB838C /* Sources */ = {
			isa = PBXGroup;
			children = (
				D4732E302211883E00CB838C /* ViewController.swift */,
				D4732E312211883E00CB838C /* Assets.xcassets */,
				D4732E322211883E00CB838C /* LaunchScreen.storyboard */,
				D4732E342211883E00CB838C /* Main.storyboard */,
				D4732E362211883E00CB838C /* AppDelegate.swift */,
				D4732E372211883E00CB838C /* Info.plist */,
			);
			path = Sources;
			sourceTree = "<group>";
		};
/* End PBXGroup section */

/* Begin PBXNativeTarget section */
		D4732E0722115E7E00CB838C /* Example */ = {
			isa = PBXNativeTarget;
			buildConfigurationList = D4732E1A22115E8100CB838C /* Build configuration list for PBXNativeTarget "Example" */;
			buildPhases = (
				D4732E0422115E7E00CB838C /* Sources */,
				D4732E0522115E7E00CB838C /* Frameworks */,
				D4732E0622115E7E00CB838C /* Resources */,
			);
			buildRules = (
			);
			dependencies = (
				D4732E2C22115F3F00CB838C /* PBXTargetDependency */,
			);
			name = Example;
			productName = Example;
			productReference = D4732E0822115E7E00CB838C /* Example.app */;
			productType = "com.apple.product-type.application";
		};
/* End PBXNativeTarget section */

/* Begin PBXProject section */
		D4732E0022115E7E00CB838C /* Project object */ = {
			isa = PBXProject;
			attributes = {
				LastSwiftUpdateCheck = 1010;
				LastUpgradeCheck = 1010;
				ORGANIZATIONNAME = "Next Generation";
				TargetAttributes = {
					D4732E0722115E7E00CB838C = {
						CreatedOnToolsVersion = 10.1;
					};
				};
			};
			buildConfigurationList = D4732E0322115E7E00CB838C /* Build configuration list for PBXProject "Example" */;
			compatibilityVersion = "Xcode 9.3";
			developmentRegion = en;
			hasScannedForEncodings = 0;
			knownRegions = (
				en,
				Base,
			);
			mainGroup = D4732DFF22115E7E00CB838C;
			productRefGroup = D4732E0922115E7E00CB838C /* Products */;
			projectDirPath = "";
			projectReferences = (
				{
					ProductGroup = D4732E2522115EC900CB838C /* Products */;
					ProjectRef = D4732E2422115EC900CB838C /* MapKit Search View.xcodeproj */;
				},
			);
			projectRoot = "";
			targets = (
				D4732E0722115E7E00CB838C /* Example */,
			);
		};
/* End PBXProject section */

/* Begin PBXReferenceProxy section */
		D4732E2922115EC900CB838C /* MapKit_Search_View.framework */ = {
			isa = PBXReferenceProxy;
			fileType = wrapper.framework;
			path = MapKit_Search_View.framework;
			remoteRef = D4732E2822115EC900CB838C /* PBXContainerItemProxy */;
			sourceTree = BUILT_PRODUCTS_DIR;
		};
/* End PBXReferenceProxy section */

/* Begin PBXResourcesBuildPhase section */
		D4732E0622115E7E00CB838C /* Resources */ = {
			isa = PBXResourcesBuildPhase;
			buildActionMask = 2147483647;
			files = (
				D4732E3B2211883E00CB838C /* Main.storyboard in Resources */,
				D4732E392211883E00CB838C /* Assets.xcassets in Resources */,
				D4732E3A2211883E00CB838C /* LaunchScreen.storyboard in Resources */,
			);
			runOnlyForDeploymentPostprocessing = 0;
		};
/* End PBXResourcesBuildPhase section */

/* Begin PBXSourcesBuildPhase section */
		D4732E0422115E7E00CB838C /* Sources */ = {
			isa = PBXSourcesBuildPhase;
			buildActionMask = 2147483647;
			files = (
				D4732E3C2211883E00CB838C /* AppDelegate.swift in Sources */,
				D4732E382211883E00CB838C /* ViewController.swift in Sources */,
			);
			runOnlyForDeploymentPostprocessing = 0;
		};
/* End PBXSourcesBuildPhase section */

/* Begin PBXTargetDependency section */
		D4732E2C22115F3F00CB838C /* PBXTargetDependency */ = {
			isa = PBXTargetDependency;
			name = "MapKit Search View";
			targetProxy = D4732E2B22115F3F00CB838C /* PBXContainerItemProxy */;
		};
/* End PBXTargetDependency section */

/* Begin PBXVariantGroup section */
		D4732E322211883E00CB838C /* LaunchScreen.storyboard */ = {
			isa = PBXVariantGroup;
			children = (
				D4732E332211883E00CB838C /* Base */,
			);
			name = LaunchScreen.storyboard;
			sourceTree = "<group>";
		};
		D4732E342211883E00CB838C /* Main.storyboard */ = {
			isa = PBXVariantGroup;
			children = (
				D4732E352211883E00CB838C /* Base */,
			);
			name = Main.storyboard;
			sourceTree = "<group>";
		};
/* End PBXVariantGroup section */

/* Begin XCBuildConfiguration section */
		D4732E1822115E8100CB838C /* Debug */ = {
			isa = XCBuildConfiguration;
			buildSettings = {
				ALWAYS_SEARCH_USER_PATHS = NO;
				CLANG_ANALYZER_NONNULL = YES;
				CLANG_ANALYZER_NUMBER_OBJECT_CONVERSION = YES_AGGRESSIVE;
				CLANG_CXX_LANGUAGE_STANDARD = "gnu++14";
				CLANG_CXX_LIBRARY = "libc++";
				CLANG_ENABLE_MODULES = YES;
				CLANG_ENABLE_OBJC_ARC = YES;
				CLANG_ENABLE_OBJC_WEAK = YES;
				CLANG_WARN_BLOCK_CAPTURE_AUTORELEASING = YES;
				CLANG_WARN_BOOL_CONVERSION = YES;
				CLANG_WARN_COMMA = YES;
				CLANG_WARN_CONSTANT_CONVERSION = YES;
				CLANG_WARN_DEPRECATED_OBJC_IMPLEMENTATIONS = YES;
				CLANG_WARN_DIRECT_OBJC_ISA_USAGE = YES_ERROR;
				CLANG_WARN_DOCUMENTATION_COMMENTS = YES;
				CLANG_WARN_EMPTY_BODY = YES;
				CLANG_WARN_ENUM_CONVERSION = YES;
				CLANG_WARN_INFINITE_RECURSION = YES;
				CLANG_WARN_INT_CONVERSION = YES;
				CLANG_WARN_NON_LITERAL_NULL_CONVERSION = YES;
				CLANG_WARN_OBJC_IMPLICIT_RETAIN_SELF = YES;
				CLANG_WARN_OBJC_LITERAL_CONVERSION = YES;
				CLANG_WARN_OBJC_ROOT_CLASS = YES_ERROR;
				CLANG_WARN_RANGE_LOOP_ANALYSIS = YES;
				CLANG_WARN_STRICT_PROTOTYPES = YES;
				CLANG_WARN_SUSPICIOUS_MOVE = YES;
				CLANG_WARN_UNGUARDED_AVAILABILITY = YES_AGGRESSIVE;
				CLANG_WARN_UNREACHABLE_CODE = YES;
				CLANG_WARN__DUPLICATE_METHOD_MATCH = YES;
				CODE_SIGN_IDENTITY = "iPhone Developer";
				COPY_PHASE_STRIP = NO;
				DEBUG_INFORMATION_FORMAT = dwarf;
				ENABLE_STRICT_OBJC_MSGSEND = YES;
				ENABLE_TESTABILITY = YES;
				GCC_C_LANGUAGE_STANDARD = gnu11;
				GCC_DYNAMIC_NO_PIC = NO;
				GCC_NO_COMMON_BLOCKS = YES;
				GCC_OPTIMIZATION_LEVEL = 0;
				GCC_PREPROCESSOR_DEFINITIONS = (
					"DEBUG=1",
					"$(inherited)",
				);
				GCC_WARN_64_TO_32_BIT_CONVERSION = YES;
				GCC_WARN_ABOUT_RETURN_TYPE = YES_ERROR;
				GCC_WARN_UNDECLARED_SELECTOR = YES;
				GCC_WARN_UNINITIALIZED_AUTOS = YES_AGGRESSIVE;
				GCC_WARN_UNUSED_FUNCTION = YES;
				GCC_WARN_UNUSED_VARIABLE = YES;
				IPHONEOS_DEPLOYMENT_TARGET = 12.1;
				MTL_ENABLE_DEBUG_INFO = INCLUDE_SOURCE;
				MTL_FAST_MATH = YES;
				ONLY_ACTIVE_ARCH = YES;
				SDKROOT = iphoneos;
				SWIFT_ACTIVE_COMPILATION_CONDITIONS = DEBUG;
				SWIFT_OPTIMIZATION_LEVEL = "-Onone";
			};
			name = Debug;
		};
		D4732E1922115E8100CB838C /* Release */ = {
			isa = XCBuildConfiguration;
			buildSettings = {
				ALWAYS_SEARCH_USER_PATHS = NO;
				CLANG_ANALYZER_NONNULL = YES;
				CLANG_ANALYZER_NUMBER_OBJECT_CONVERSION = YES_AGGRESSIVE;
				CLANG_CXX_LANGUAGE_STANDARD = "gnu++14";
				CLANG_CXX_LIBRARY = "libc++";
				CLANG_ENABLE_MODULES = YES;
				CLANG_ENABLE_OBJC_ARC = YES;
				CLANG_ENABLE_OBJC_WEAK = YES;
				CLANG_WARN_BLOCK_CAPTURE_AUTORELEASING = YES;
				CLANG_WARN_BOOL_CONVERSION = YES;
				CLANG_WARN_COMMA = YES;
				CLANG_WARN_CONSTANT_CONVERSION = YES;
				CLANG_WARN_DEPRECATED_OBJC_IMPLEMENTATIONS = YES;
				CLANG_WARN_DIRECT_OBJC_ISA_USAGE = YES_ERROR;
				CLANG_WARN_DOCUMENTATION_COMMENTS = YES;
				CLANG_WARN_EMPTY_BODY = YES;
				CLANG_WARN_ENUM_CONVERSION = YES;
				CLANG_WARN_INFINITE_RECURSION = YES;
				CLANG_WARN_INT_CONVERSION = YES;
				CLANG_WARN_NON_LITERAL_NULL_CONVERSION = YES;
				CLANG_WARN_OBJC_IMPLICIT_RETAIN_SELF = YES;
				CLANG_WARN_OBJC_LITERAL_CONVERSION = YES;
				CLANG_WARN_OBJC_ROOT_CLASS = YES_ERROR;
				CLANG_WARN_RANGE_LOOP_ANALYSIS = YES;
				CLANG_WARN_STRICT_PROTOTYPES = YES;
				CLANG_WARN_SUSPICIOUS_MOVE = YES;
				CLANG_WARN_UNGUARDED_AVAILABILITY = YES_AGGRESSIVE;
				CLANG_WARN_UNREACHABLE_CODE = YES;
				CLANG_WARN__DUPLICATE_METHOD_MATCH = YES;
				CODE_SIGN_IDENTITY = "iPhone Developer";
				COPY_PHASE_STRIP = NO;
				DEBUG_INFORMATION_FORMAT = "dwarf-with-dsym";
				ENABLE_NS_ASSERTIONS = NO;
				ENABLE_STRICT_OBJC_MSGSEND = YES;
				GCC_C_LANGUAGE_STANDARD = gnu11;
				GCC_NO_COMMON_BLOCKS = YES;
				GCC_WARN_64_TO_32_BIT_CONVERSION = YES;
				GCC_WARN_ABOUT_RETURN_TYPE = YES_ERROR;
				GCC_WARN_UNDECLARED_SELECTOR = YES;
				GCC_WARN_UNINITIALIZED_AUTOS = YES_AGGRESSIVE;
				GCC_WARN_UNUSED_FUNCTION = YES;
				GCC_WARN_UNUSED_VARIABLE = YES;
				IPHONEOS_DEPLOYMENT_TARGET = 12.1;
				MTL_ENABLE_DEBUG_INFO = NO;
				MTL_FAST_MATH = YES;
				SDKROOT = iphoneos;
				SWIFT_COMPILATION_MODE = wholemodule;
				SWIFT_OPTIMIZATION_LEVEL = "-O";
				VALIDATE_PRODUCT = YES;
			};
			name = Release;
		};
		D4732E1B22115E8100CB838C /* Debug */ = {
			isa = XCBuildConfiguration;
			buildSettings = {
				ASSETCATALOG_COMPILER_APPICON_NAME = AppIcon;
				CODE_SIGN_STYLE = Automatic;
				INFOPLIST_FILE = "$(SRCROOT)/Sources/Info.plist";
				LD_RUNPATH_SEARCH_PATHS = (
					"$(inherited)",
					"@executable_path/Frameworks",
				);
				PRODUCT_BUNDLE_IDENTIFIER = com.nextgeneration.Example;
				PRODUCT_NAME = "$(TARGET_NAME)";
				SWIFT_VERSION = 4.2;
				TARGETED_DEVICE_FAMILY = "1,2";
			};
			name = Debug;
		};
		D4732E1C22115E8100CB838C /* Release */ = {
			isa = XCBuildConfiguration;
			buildSettings = {
				ASSETCATALOG_COMPILER_APPICON_NAME = AppIcon;
				CODE_SIGN_STYLE = Automatic;
				INFOPLIST_FILE = "$(SRCROOT)/Sources/Info.plist";
				LD_RUNPATH_SEARCH_PATHS = (
					"$(inherited)",
					"@executable_path/Frameworks",
				);
				PRODUCT_BUNDLE_IDENTIFIER = com.nextgeneration.Example;
				PRODUCT_NAME = "$(TARGET_NAME)";
				SWIFT_VERSION = 4.2;
				TARGETED_DEVICE_FAMILY = "1,2";
			};
			name = Release;
		};
/* End XCBuildConfiguration section */

/* Begin XCConfigurationList section */
		D4732E0322115E7E00CB838C /* Build configuration list for PBXProject "Example" */ = {
			isa = XCConfigurationList;
			buildConfigurations = (
				D4732E1822115E8100CB838C /* Debug */,
				D4732E1922115E8100CB838C /* Release */,
			);
			defaultConfigurationIsVisible = 0;
			defaultConfigurationName = Release;
		};
		D4732E1A22115E8100CB838C /* Build configuration list for PBXNativeTarget "Example" */ = {
			isa = XCConfigurationList;
			buildConfigurations = (
				D4732E1B22115E8100CB838C /* Debug */,
				D4732E1C22115E8100CB838C /* Release */,
			);
			defaultConfigurationIsVisible = 0;
			defaultConfigurationName = Release;
		};
/* End XCConfigurationList section */
	};
	rootObject = D4732E0022115E7E00CB838C /* Project object */;
}
